
Microsoft Visual Studio Solution File, Format Version 12.00
# Visual Studio Version 16
VisualStudioVersion = 16.0.30717.126
MinimumVisualStudioVersion = 10.0.40219.1
Project("{2150E333-8FDC-42A3-9474-1A3956D46DE8}") = "Application", "Application", "{D039E298-820F-4150-A3F1-35F6B4832FB8}"
EndProject
Project("{2150E333-8FDC-42A3-9474-1A3956D46DE8}") = "Infra.IoC", "Infra.IoC", "{D7D4CFEE-E61E-401A-BFDD-8C47DCCF5F54}"
EndProject
Project("{2150E333-8FDC-42A3-9474-1A3956D46DE8}") = "Domain", "Domain", "{C1175C19-2E5C-4B4C-917D-457303585DE4}"
EndProject
Project("{2150E333-8FDC-42A3-9474-1A3956D46DE8}") = "Presentation", "Presentation", "{792F5393-471A-408B-9C8E-849AAD82A13C}"
EndProject
Project("{2150E333-8FDC-42A3-9474-1A3956D46DE8}") = "Infra.Data", "Infra.Data", "{D0D9771D-32D1-4EA8-88FA-1F9C45852809}"
EndProject
Project("{9A19103F-16F7-4668-BE54-9A1E7A4F7556}") = "CleanArch.Mvc", "CleanArch.Mvc\CleanArch.Mvc.csproj", "{2F730402-886A-42B2-9AFF-86CB56D7F2CE}"
EndProject
Project("{9A19103F-16F7-4668-BE54-9A1E7A4F7556}") = "CleanArch.Domain", "CleanArch.Domain\CleanArch.Domain.csproj", "{48B3E915-6B2D-47FE-9897-74589DF7A4BB}"
EndProject
Project("{9A19103F-16F7-4668-BE54-9A1E7A4F7556}") = "CleanArch.Infra.Data", "CleanArch.Infra.Data\CleanArch.Infra.Data.csproj", "{CBEDA5EB-4436-4F3E-B205-7829F05FE6F4}"
EndProject
Project("{9A19103F-16F7-4668-BE54-9A1E7A4F7556}") = "CleanArch.Application", "CleanArch.Application\CleanArch.Application.csproj", "{C0416D46-CF0A-4E63-998D-895983C1CC8A}"
EndProject
Project("{9A19103F-16F7-4668-BE54-9A1E7A4F7556}") = "CleanArch.Infra.IoC", "CleanArch.Infra.IoC\CleanArch.Infra.IoC.csproj", "{F597AF9E-EEF8-4D9E-865B-F2F43077BAF5}"
EndProject
Project("{2150E333-8FDC-42A3-9474-1A3956D46DE8}") = "Api", "Api", "{D2F19802-D46D-4E34-BD21-79CCBADB6DC9}"
EndProject
Project("{2150E333-8FDC-42A3-9474-1A3956D46DE8}") = "Infra.Bus", "Infra.Bus", "{81A8A06E-8AE2-4917-B98E-C204D6071506}"
EndProject
Project("{FAE04EC0-301F-11D3-BF4B-00C04F79EFBC}") = "CleanArch.Infra.Bus", "CleanArch.Infra.Bus\CleanArch.Infra.Bus.csproj", "{69C91E4D-D997-4A64-B45B-0985E99256CC}"
EndProject
Global
	GlobalSection(SolutionConfigurationPlatforms) = preSolution
		Debug|Any CPU = Debug|Any CPU
		Release|Any CPU = Release|Any CPU
	EndGlobalSection
	GlobalSection(ProjectConfigurationPlatforms) = postSolution
		{2F730402-886A-42B2-9AFF-86CB56D7F2CE}.Debug|Any CPU.ActiveCfg = Debug|Any CPU
		{2F730402-886A-42B2-9AFF-86CB56D7F2CE}.Debug|Any CPU.Build.0 = Debug|Any CPU
		{2F730402-886A-42B2-9AFF-86CB56D7F2CE}.Release|Any CPU.ActiveCfg = Release|Any CPU
		{2F730402-886A-42B2-9AFF-86CB56D7F2CE}.Release|Any CPU.Build.0 = Release|Any CPU
		{48B3E915-6B2D-47FE-9897-74589DF7A4BB}.Debug|Any CPU.ActiveCfg = Debug|Any CPU
		{48B3E915-6B2D-47FE-9897-74589DF7A4BB}.Debug|Any CPU.Build.0 = Debug|Any CPU
		{48B3E915-6B2D-47FE-9897-74589DF7A4BB}.Release|Any CPU.ActiveCfg = Release|Any CPU
		{48B3E915-6B2D-47FE-9897-74589DF7A4BB}.Release|Any CPU.Build.0 = Release|Any CPU
		{CBEDA5EB-4436-4F3E-B205-7829F05FE6F4}.Debug|Any CPU.ActiveCfg = Debug|Any CPU
		{CBEDA5EB-4436-4F3E-B205-7829F05FE6F4}.Debug|Any CPU.Build.0 = Debug|Any CPU
		{CBEDA5EB-4436-4F3E-B205-7829F05FE6F4}.Release|Any CPU.ActiveCfg = Release|Any CPU
		{CBEDA5EB-4436-4F3E-B205-7829F05FE6F4}.Release|Any CPU.Build.0 = Release|Any CPU
		{C0416D46-CF0A-4E63-998D-895983C1CC8A}.Debug|Any CPU.ActiveCfg = Debug|Any CPU
		{C0416D46-CF0A-4E63-998D-895983C1CC8A}.Debug|Any CPU.Build.0 = Debug|Any CPU
		{C0416D46-CF0A-4E63-998D-895983C1CC8A}.Release|Any CPU.ActiveCfg = Release|Any CPU
		{C0416D46-CF0A-4E63-998D-895983C1CC8A}.Release|Any CPU.Build.0 = Release|Any CPU
		{F597AF9E-EEF8-4D9E-865B-F2F43077BAF5}.Debug|Any CPU.ActiveCfg = Debug|Any CPU
		{F597AF9E-EEF8-4D9E-865B-F2F43077BAF5}.Debug|Any CPU.Build.0 = Debug|Any CPU
		{F597AF9E-EEF8-4D9E-865B-F2F43077BAF5}.Release|Any CPU.ActiveCfg = Release|Any CPU
		{F597AF9E-EEF8-4D9E-865B-F2F43077BAF5}.Release|Any CPU.Build.0 = Release|Any CPU
		{69C91E4D-D997-4A64-B45B-0985E99256CC}.Debug|Any CPU.ActiveCfg = Debug|Any CPU
		{69C91E4D-D997-4A64-B45B-0985E99256CC}.Debug|Any CPU.Build.0 = Debug|Any CPU
		{69C91E4D-D997-4A64-B45B-0985E99256CC}.Release|Any CPU.ActiveCfg = Release|Any CPU
		{69C91E4D-D997-4A64-B45B-0985E99256CC}.Release|Any CPU.Build.0 = Release|Any CPU
	EndGlobalSection
	GlobalSection(SolutionProperties) = preSolution
		HideSolutionNode = FALSE
	EndGlobalSection
	GlobalSection(NestedProjects) = preSolution
		{2F730402-886A-42B2-9AFF-86CB56D7F2CE} = {792F5393-471A-408B-9C8E-849AAD82A13C}
		{48B3E915-6B2D-47FE-9897-74589DF7A4BB} = {C1175C19-2E5C-4B4C-917D-457303585DE4}
		{CBEDA5EB-4436-4F3E-B205-7829F05FE6F4} = {D0D9771D-32D1-4EA8-88FA-1F9C45852809}
		{C0416D46-CF0A-4E63-998D-895983C1CC8A} = {D039E298-820F-4150-A3F1-35F6B4832FB8}
		{F597AF9E-EEF8-4D9E-865B-F2F43077BAF5} = {D7D4CFEE-E61E-401A-BFDD-8C47DCCF5F54}
		{69C91E4D-D997-4A64-B45B-0985E99256CC} = {81A8A06E-8AE2-4917-B98E-C204D6071506}
	EndGlobalSection
	GlobalSection(ExtensibilityGlobals) = postSolution
		SolutionGuid = {B404436B-28F2-4692-B970-7D7CD8C42104}
	EndGlobalSection
EndGlobal
